{
  "version": 4,
  "terraform_version": "1.14.3",
  "serial": 2,
  "lineage": "049207d9-c048-f29c-8789-4bc084e62f80",
  "outputs": {
    "user_info": {
      "value": {
        "email": "tf_test_20260208112147@example.com",
        "id": "131bfc5b-4460-422e-9080-23f906eb9123",
        "name": "Terraform测试用户",
        "username": "tf_test_user_20260208112147"
      },
      "type": [
        "object",
        {
          "email": "string",
          "id": "string",
          "name": "string",
          "username": "string"
        }
      ]
    }
  },
  "resources": [
    {
      "mode": "managed",
      "type": "jumpserver_user",
      "name": "test_user",
      "provider": "provider[\"registry.terraform.io/fit2cloud/jumpserver\"]",
      "instances": [
        {
          "schema_version": 0,
          "attributes": {
            "comment": "通过 Terraform 创建的测试用户",
            "email": "tf_test_20260208112147@example.com",
            "id": "131bfc5b-4460-422e-9080-23f906eb9123",
            "is_active": true,
            "name": "Terraform测试用户",
            "username": "tf_test_user_20260208112147"
          },
          "sensitive_attributes": [],
          "identity_schema_version": 0
        }
      ]
    }
  ],
  "check_results": null
}
